// !$*UTF8*$!
{
	archiveVersion = 1;
	classes = {
	};
	objectVersion = 46;
	objects = {

/* Begin PBXBuildFile section */
		DA436D581D6432F7000EF753 /* main.m in Sources */ = {isa = PBXBuildFile; fileRef = DA436D571D6432F7000EF753 /* main.m */; };
		DA436D5B1D6432F7000EF753 /* AppDelegate.m in Sources */ = {isa = PBXBuildFile; fileRef = DA436D5A1D6432F7000EF753 /* AppDelegate.m */; };
		DA436D5E1D6432F7000EF753 /* ViewController.m in Sources */ = {isa = PBXBuildFile; fileRef = DA436D5D1D6432F7000EF753 /* ViewController.m */; };
		DA436D611D6432F7000EF753 /* Main.storyboard in Resources */ = {isa = PBXBuildFile; fileRef = DA436D5F1D6432F7000EF753 /* Main.storyboard */; };
		DA436D631D6432F7000EF753 /* Assets.xcassets in Resources */ = {isa = PBXBuildFile; fileRef = DA436D621D6432F7000EF753 /* Assets.xcassets */; };
		DA436D661D6432F7000EF753 /* LaunchScreen.storyboard in Resources */ = {isa = PBXBuildFile; fileRef = DA436D641D6432F7000EF753 /* LaunchScreen.storyboard */; };
		DA436D6F1D643325000EF753 /* BulletView.m in Sources */ = {isa = PBXBuildFile; fileRef = DA436D6E1D643325000EF753 /* BulletView.m */; };
		DA436D721D643339000EF753 /* BulletManager.m in Sources */ = {isa = PBXBuildFile; fileRef = DA436D711D643339000EF753 /* BulletManager.m */; };
/* End PBXBuildFile section */

/* Begin PBXFileReference section */
		DA436D531D6432F7000EF753 /* BulletScreen.app */ = {isa = PBXFileReference; explicitFileType = wrapper.application; includeInIndex = 0; path = BulletScreen.app; sourceTree = BUILT_PRODUCTS_DIR; };
		DA436D571D6432F7000EF753 /* main.m */ = {isa = PBXFileReference; lastKnownFileType = sourcecode.c.objc; path = main.m; sourceTree = "<group>"; };
		DA436D591D6432F7000EF753 /* AppDelegate.h */ = {isa = PBXFileReference; lastKnownFileType = sourcecode.c.h; path = AppDelegate.h; sourceTree = "<group>"; };
		DA436D5A1D6432F7000EF753 /* AppDelegate.m */ = {isa = PBXFileReference; lastKnownFileType = sourcecode.c.objc; path = AppDelegate.m; sourceTree = "<group>"; };
		DA436D5C1D6432F7000EF753 /* ViewController.h */ = {isa = PBXFileReference; lastKnownFileType = sourcecode.c.h; path = ViewController.h; sourceTree = "<group>"; };
		DA436D5D1D6432F7000EF753 /* ViewController.m */ = {isa = PBXFileReference; lastKnownFileType = sourcecode.c.objc; path = ViewController.m; sourceTree = "<group>"; };
		DA436D601D6432F7000EF753 /* Base */ = {isa = PBXFileReference; lastKnownFileType = file.storyboard; name = Base; path = Base.lproj/Main.storyboard; sourceTree = "<group>"; };
		DA436D621D6432F7000EF753 /* Assets.xcassets */ = {isa = PBXFileReference; lastKnownFileType = folder.assetcatalog; path = Assets.xcassets; sourceTree = "<group>"; };
		DA436D651D6432F7000EF753 /* Base */ = {isa = PBXFileReference; lastKnownFileType = file.storyboard; name = Base; path = Base.lproj/LaunchScreen.storyboard; sourceTree = "<group>"; };
		DA436D671D6432F7000EF753 /* Info.plist */ = {isa = PBXFileReference; lastKnownFileType = text.plist.xml; path = Info.plist; sourceTree = "<group>"; };
		DA436D6D1D643325000EF753 /* BulletView.h */ = {isa = PBXFileReference; fileEncoding = 4; lastKnownFileType = sourcecode.c.h; path = BulletView.h; sourceTree = "<group>"; };
		DA436D6E1D643325000EF753 /* BulletView.m */ = {isa = PBXFileReference; fileEncoding = 4; lastKnownFileType = sourcecode.c.objc; path = BulletView.m; sourceTree = "<group>"; };
		DA436D701D643339000EF753 /* BulletManager.h */ = {isa = PBXFileReference; fileEncoding = 4; lastKnownFileType = sourcecode.c.h; path = BulletManager.h; sourceTree = "<group>"; };
		DA436D711D643339000EF753 /* BulletManager.m */ = {isa = PBXFileReference; fileEncoding = 4; lastKnownFileType = sourcecode.c.objc; path = BulletManager.m; sourceTree = "<group>"; };
/* End PBXFileReference section */

/* Begin PBXFrameworksBuildPhase section */
		DA436D501D6432F7000EF753 /* Frameworks */ = {
			isa = PBXFrameworksBuildPhase;
			buildActionMask = 2147483647;
			files = (
			);
			runOnlyForDeploymentPostprocessing = 0;
		};
/* End PBXFrameworksBuildPhase section */

/* Begin PBXGroup section */
		DA436D4A1D6432F7000EF753 = {
			isa = PBXGroup;
			children = (
				DA436D551D6432F7000EF753 /* BulletScreen */,
				DA436D541D6432F7000EF753 /* Products */,
			);
			sourceTree = "<group>";
		};
		DA436D541D6432F7000EF753 /* Products */ = {
			isa = PBXGroup;
			children = (
				DA436D531D6432F7000EF753 /* BulletScreen.app */,
			);
			name = Products;
			sourceTree = "<group>";
		};
		DA436D551D6432F7000EF753 /* BulletScreen */ = {
			isa = PBXGroup;
			children = (
				DA436D591D6432F7000EF753 /* AppDelegate.h */,
				DA436D5A1D6432F7000EF753 /* AppDelegate.m */,
				DA436D5C1D6432F7000EF753 /* ViewController.h */,
				DA436D5D1D6432F7000EF753 /* ViewController.m */,
				DA436D6D1D643325000EF753 /* BulletView.h */,
				DA436D6E1D643325000EF753 /* BulletView.m */,
				DA436D701D643339000EF753 /* BulletManager.h */,
				DA436D711D643339000EF753 /* BulletManager.m */,
				DA436D5F1D6432F7000EF753 /* Main.storyboard */,
				DA436D621D6432F7000EF753 /* Assets.xcassets */,
				DA436D641D6432F7000EF753 /* LaunchScreen.storyboard */,
				DA436D671D6432F7000EF753 /* Info.plist */,
				DA436D561D6432F7000EF753 /* Supporting Files */,
			);
			path = BulletScreen;
			sourceTree = "<group>";
		};
		DA436D561D6432F7000EF753 /* Supporting Files */ = {
			isa = PBXGroup;
			children = (
				DA436D571D6432F7000EF753 /* main.m */,
			);
			name = "Supporting Files";
			sourceTree = "<group>";
		};
/* End PBXGroup section */

/* Begin PBXNativeTarget section */
		DA436D521D6432F7000EF753 /* BulletScreen */ = {
			isa = PBXNativeTarget;
			buildConfigurationList = DA436D6A1D6432F7000EF753 /* Build configuration list for PBXNativeTarget "BulletScreen" */;
			buildPhases = (
				DA436D4F1D6432F7000EF753 /* Sources */,
				DA436D501D6432F7000EF753 /* Frameworks */,
				DA436D511D6432F7000EF753 /* Resources */,
			);
			buildRules = (
			);
			dependencies = (
			);
			name = BulletScreen;
			productName = BulletScreen;
			productReference = DA436D531D6432F7000EF753 /* BulletScreen.app */;
			productType = "com.apple.product-type.application";
		};
/* End PBXNativeTarget section */

/* Begin PBXProject section */
		DA436D4B1D6432F7000EF753 /* Project object */ = {
			isa = PBXProject;
			attributes = {
				LastUpgradeCheck = 0730;
				ORGANIZATIONNAME = yudo;
				TargetAttributes = {
					DA436D521D6432F7000EF753 = {
						CreatedOnToolsVersion = 7.3.1;
					};
				};
			};
			buildConfigurationList = DA436D4E1D6432F7000EF753 /* Build configuration list for PBXProject "BulletScreen" */;
			compatibilityVersion = "Xcode 3.2";
			developmentRegion = English;
			hasScannedForEncodings = 0;
			knownRegions = (
				en,
				Base,
			);
			mainGroup = DA436D4A1D6432F7000EF753;
			productRefGroup = DA436D541D6432F7000EF753 /* Products */;
			projectDirPath = "";
			projectRoot = "";
			targets = (
				DA436D521D6432F7000EF753 /* BulletScreen */,
			);
		};
/* End PBXProject section */

/* Begin PBXResourcesBuildPhase section */
		DA436D511D6432F7000EF753 /* Resources */ = {
			isa = PBXResourcesBuildPhase;
			buildActionMask = 2147483647;
			files = (
				DA436D661D6432F7000EF753 /* LaunchScreen.storyboard in Resources */,
				DA436D631D6432F7000EF753 /* Assets.xcassets in Resources */,
				DA436D611D6432F7000EF753 /* Main.storyboard in Resources */,
			);
			runOnlyForDeploymentPostprocessing = 0;
		};
/* End PBXResourcesBuildPhase section */

/* Begin PBXSourcesBuildPhase section */
		DA436D4F1D6432F7000EF753 /* Sources */ = {
			isa = PBXSourcesBuildPhase;
			buildActionMask = 2147483647;
			files = (
				DA436D5E1D6432F7000EF753 /* ViewController.m in Sources */,
				DA436D5B1D6432F7000EF753 /* AppDelegate.m in Sources */,
				DA436D6F1D643325000EF753 /* BulletView.m in Sources */,
				DA436D581D6432F7000EF753 /* main.m in Sources */,
				DA436D721D643339000EF753 /* BulletManager.m in Sources */,
			);
			runOnlyForDeploymentPostprocessing = 0;
		};
/* End PBXSourcesBuildPhase section */

/* Begin PBXVariantGroup section */
		DA436D5F1D6432F7000EF753 /* Main.storyboard */ = {
			isa = PBXVariantGroup;
			children = (
				DA436D601D6432F7000EF753 /* Base */,
			);
			name = Main.storyboard;
			sourceTree = "<group>";
		};
		DA436D641D6432F7000EF753 /* LaunchScreen.storyboard */ = {
			isa = PBXVariantGroup;
			children = (
				DA436D651D6432F7000EF753 /* Base */,
			);
			name = LaunchScreen.storyboard;
			sourceTree = "<group>";
		};
/* End PBXVariantGroup section */

/* Begin XCBuildConfiguration section */
		DA436D681D6432F7000EF753 /* Debug */ = {
			isa = XCBuildConfiguration;
			buildSettings = {
				ALWAYS_SEARCH_USER_PATHS = NO;
				CLANG_ANALYZER_NONNULL = YES;
				CLANG_CXX_LANGUAGE_STANDARD = "gnu++0x";
				CLANG_CXX_LIBRARY = "libc++";
				CLANG_ENABLE_MODULES = YES;
				CLANG_ENABLE_OBJC_ARC = YES;
				CLANG_WARN_BOOL_CONVERSION = YES;
				CLANG_WARN_CONSTANT_CONVERSION = YES;
				CLANG_WARN_DIRECT_OBJC_ISA_USAGE = YES_ERROR;
				CLANG_WARN_EMPTY_BODY = YES;
				CLANG_WARN_ENUM_CONVERSION = YES;
				CLANG_WARN_INT_CONVERSION = YES;
				CLANG_WARN_OBJC_ROOT_CLASS = YES_ERROR;
				CLANG_WARN_UNREACHABLE_CODE = YES;
				CLANG_WARN__DUPLICATE_METHOD_MATCH = YES;
				"CODE_SIGN_IDENTITY[sdk=iphoneos*]" = "iPhone Developer";
				COPY_PHASE_STRIP = NO;
				DEBUG_INFORMATION_FORMAT = dwarf;
				ENABLE_STRICT_OBJC_MSGSEND = YES;
				ENABLE_TESTABILITY = YES;
				GCC_C_LANGUAGE_STANDARD = gnu99;
				GCC_DYNAMIC_NO_PIC = NO;
				GCC_NO_COMMON_BLOCKS = YES;
				GCC_OPTIMIZATION_LEVEL = 0;
				GCC_PREPROCESSOR_DEFINITIONS = (
					"DEBUG=1",
					"$(inherited)",
				);
				GCC_WARN_64_TO_32_BIT_CONVERSION = YES;
				GCC_WARN_ABOUT_RETURN_TYPE = YES_ERROR;
				GCC_WARN_UNDECLARED_SELECTOR = YES;
				GCC_WARN_UNINITIALIZED_AUTOS = YES_AGGRESSIVE;
				GCC_WARN_UNUSED_FUNCTION = YES;
				GCC_WARN_UNUSED_VARIABLE = YES;
				IPHONEOS_DEPLOYMENT_TARGET = 9.3;
				MTL_ENABLE_DEBUG_INFO = YES;
				ONLY_ACTIVE_ARCH = YES;
				SDKROOT = iphoneos;
			};
			name = Debug;
		};
		DA436D691D6432F7000EF753 /* Release */ = {
			isa = XCBuildConfiguration;
			buildSettings = {
				ALWAYS_SEARCH_USER_PATHS = NO;
				CLANG_ANALYZER_NONNULL = YES;
				CLANG_CXX_LANGUAGE_STANDARD = "gnu++0x";
				CLANG_CXX_LIBRARY = "libc++";
				CLANG_ENABLE_MODULES = YES;
				CLANG_ENABLE_OBJC_ARC = YES;
				CLANG_WARN_BOOL_CONVERSION = YES;
				CLANG_WARN_CONSTANT_CONVERSION = YES;
				CLANG_WARN_DIRECT_OBJC_ISA_USAGE = YES_ERROR;
				CLANG_WARN_EMPTY_BODY = YES;
				CLANG_WARN_ENUM_CONVERSION = YES;
				CLANG_WARN_INT_CONVERSION = YES;
				CLANG_WARN_OBJC_ROOT_CLASS = YES_ERROR;
				CLANG_WARN_UNREACHABLE_CODE = YES;
				CLANG_WARN__DUPLICATE_METHOD_MATCH = YES;
				"CODE_SIGN_IDENTITY[sdk=iphoneos*]" = "iPhone Developer";
				COPY_PHASE_STRIP = NO;
				DEBUG_INFORMATION_FORMAT = "dwarf-with-dsym";
				ENABLE_NS_ASSERTIONS = NO;
				ENABLE_STRICT_OBJC_MSGSEND = YES;
				GCC_C_LANGUAGE_STANDARD = gnu99;
				GCC_NO_COMMON_BLOCKS = YES;
				GCC_WARN_64_TO_32_BIT_CONVERSION = YES;
				GCC_WARN_ABOUT_RETURN_TYPE = YES_ERROR;
				GCC_WARN_UNDECLARED_SELECTOR = YES;
				GCC_WARN_UNINITIALIZED_AUTOS = YES_AGGRESSIVE;
				GCC_WARN_UNUSED_FUNCTION = YES;
				GCC_WARN_UNUSED_VARIABLE = YES;
				IPHONEOS_DEPLOYMENT_TARGET = 9.3;
				MTL_ENABLE_DEBUG_INFO = NO;
				SDKROOT = iphoneos;
				VALIDATE_PRODUCT = YES;
			};
			name = Release;
		};
		DA436D6B1D6432F7000EF753 /* Debug */ = {
			isa = XCBuildConfiguration;
			buildSettings = {
				ASSETCATALOG_COMPILER_APPICON_NAME = AppIcon;
				INFOPLIST_FILE = BulletScreen/Info.plist;
				LD_RUNPATH_SEARCH_PATHS = "$(inherited) @executable_path/Frameworks";
				PRODUCT_BUNDLE_IDENTIFIER = com.yudo.BulletScreen;
				PRODUCT_NAME = "$(TARGET_NAME)";
			};
			name = Debug;
		};
		DA436D6C1D6432F7000EF753 /* Release */ = {
			isa = XCBuildConfiguration;
			buildSettings = {
				ASSETCATALOG_COMPILER_APPICON_NAME = AppIcon;
				INFOPLIST_FILE = BulletScreen/Info.plist;
				LD_RUNPATH_SEARCH_PATHS = "$(inherited) @executable_path/Frameworks";
				PRODUCT_BUNDLE_IDENTIFIER = com.yudo.BulletScreen;
				PRODUCT_NAME = "$(TARGET_NAME)";
			};
			name = Release;
		};
/* End XCBuildConfiguration section */

/* Begin XCConfigurationList section */
		DA436D4E1D6432F7000EF753 /* Build configuration list for PBXProject "BulletScreen" */ = {
			isa = XCConfigurationList;
			buildConfigurations = (
				DA436D681D6432F7000EF753 /* Debug */,
				DA436D691D6432F7000EF753 /* Release */,
			);
			defaultConfigurationIsVisible = 0;
			defaultConfigurationName = Release;
		};
		DA436D6A1D6432F7000EF753 /* Build configuration list for PBXNativeTarget "BulletScreen" */ = {
			isa = XCConfigurationList;
			buildConfigurations = (
				DA436D6B1D6432F7000EF753 /* Debug */,
				DA436D6C1D6432F7000EF753 /* Release */,
			);
			defaultConfigurationIsVisible = 0;
		};
/* End XCConfigurationList section */
	};
	rootObject = DA436D4B1D6432F7000EF753 /* Project object */;
}
